
Microsoft Visual Studio Solution File, Format Version 12.00
# Visual Studio 15
VisualStudioVersion = 15.0.27703.2035
MinimumVisualStudioVersion = 10.0.40219.1
Project("{FAE04EC0-301F-11D3-BF4B-00C04F79EFBC}") = "ICSharpCode.NRefactory", "NRefactory\ICSharpCode.NRefactory\ICSharpCode.NRefactory.csproj", "{3B2A5653-EC97-4001-BB9B-D90F1AF2C371}"
EndProject
Project("{FAE04EC0-301F-11D3-BF4B-00C04F79EFBC}") = "ICSharpCode.NRefactory.CSharp", "NRefactory\ICSharpCode.NRefactory.CSharp\ICSharpCode.NRefactory.CSharp.csproj", "{53DCA265-3C3C-42F9-B647-F72BA678122B}"
EndProject
Project("{FAE04EC0-301F-11D3-BF4B-00C04F79EFBC}") = "ICSharpCode.Decompiler", "ICSharpCode.Decompiler\ICSharpCode.Decompiler.csproj", "{984CC812-9470-4A13-AFF9-CC44068D666C}"
EndProject
Project("{FAE04EC0-301F-11D3-BF4B-00C04F79EFBC}") = "ILSpyCMD.Tests", "ILSpyCMD.Tests\ILSpyCMD.Tests.csproj", "{E494A3AA-DFA4-451F-9DC6-670F486F3E5E}"
EndProject
Project("{FAE04EC0-301F-11D3-BF4B-00C04F79EFBC}") = "ILSpyCMD", "ILSpyCMD\ILSpyCMD.csproj", "{25EB6D5A-5FB8-4850-8833-A5177E1D69A4}"
EndProject
Project("{FAE04EC0-301F-11D3-BF4B-00C04F79EFBC}") = "ILSpyCMD.Organization", "ILSpyCMD.Organization\ILSpyCMD.Organization.csproj", "{BD886813-4A4E-449C-94A1-370175ACAC49}"
EndProject
Project("{FAE04EC0-301F-11D3-BF4B-00C04F79EFBC}") = "ILSpyCMD.API", "ILSpyCMD.API\ILSpyCMD.API.csproj", "{2FD18153-E0E8-49B5-BC83-464106FAE597}"
EndProject
Global
	GlobalSection(SolutionConfigurationPlatforms) = preSolution
		Debug|Any CPU = Debug|Any CPU
		Debug|x86 = Debug|x86
		net_2_0_Debug|Any CPU = net_2_0_Debug|Any CPU
		net_2_0_Debug|x86 = net_2_0_Debug|x86
		net_2_0_Release|Any CPU = net_2_0_Release|Any CPU
		net_2_0_Release|x86 = net_2_0_Release|x86
		net_3_5_Debug|Any CPU = net_3_5_Debug|Any CPU
		net_3_5_Debug|x86 = net_3_5_Debug|x86
		net_3_5_Release|Any CPU = net_3_5_Release|Any CPU
		net_3_5_Release|x86 = net_3_5_Release|x86
		net_4_0_Debug|Any CPU = net_4_0_Debug|Any CPU
		net_4_0_Debug|x86 = net_4_0_Debug|x86
		net_4_0_Release|Any CPU = net_4_0_Release|Any CPU
		net_4_0_Release|x86 = net_4_0_Release|x86
		net_4_5_Debug|Any CPU = net_4_5_Debug|Any CPU
		net_4_5_Debug|x86 = net_4_5_Debug|x86
		net_4_5_Release|Any CPU = net_4_5_Release|Any CPU
		net_4_5_Release|x86 = net_4_5_Release|x86
		Release|Any CPU = Release|Any CPU
		Release|x86 = Release|x86
		silverlight_Debug|Any CPU = silverlight_Debug|Any CPU
		silverlight_Debug|x86 = silverlight_Debug|x86
		silverlight_Release|Any CPU = silverlight_Release|Any CPU
		silverlight_Release|x86 = silverlight_Release|x86
		winphone_Debug|Any CPU = winphone_Debug|Any CPU
		winphone_Debug|x86 = winphone_Debug|x86
		winphone_Release|Any CPU = winphone_Release|Any CPU
		winphone_Release|x86 = winphone_Release|x86
	EndGlobalSection
	GlobalSection(ProjectConfigurationPlatforms) = postSolution
		{3B2A5653-EC97-4001-BB9B-D90F1AF2C371}.Debug|Any CPU.ActiveCfg = Debug|Any CPU
		{3B2A5653-EC97-4001-BB9B-D90F1AF2C371}.Debug|Any CPU.Build.0 = Debug|Any CPU
		{3B2A5653-EC97-4001-BB9B-D90F1AF2C371}.Debug|x86.ActiveCfg = Debug|Any CPU
		{3B2A5653-EC97-4001-BB9B-D90F1AF2C371}.Debug|x86.Build.0 = Debug|Any CPU
		{3B2A5653-EC97-4001-BB9B-D90F1AF2C371}.net_2_0_Debug|Any CPU.ActiveCfg = Debug|Any CPU
		{3B2A5653-EC97-4001-BB9B-D90F1AF2C371}.net_2_0_Debug|Any CPU.Build.0 = Debug|Any CPU
		{3B2A5653-EC97-4001-BB9B-D90F1AF2C371}.net_2_0_Debug|x86.ActiveCfg = Debug|Any CPU
		{3B2A5653-EC97-4001-BB9B-D90F1AF2C371}.net_2_0_Debug|x86.Build.0 = Debug|Any CPU
		{3B2A5653-EC97-4001-BB9B-D90F1AF2C371}.net_2_0_Release|Any CPU.ActiveCfg = Release|Any CPU
		{3B2A5653-EC97-4001-BB9B-D90F1AF2C371}.net_2_0_Release|Any CPU.Build.0 = Release|Any CPU
		{3B2A5653-EC97-4001-BB9B-D90F1AF2C371}.net_2_0_Release|x86.ActiveCfg = Release|Any CPU
		{3B2A5653-EC97-4001-BB9B-D90F1AF2C371}.net_2_0_Release|x86.Build.0 = Release|Any CPU
		{3B2A5653-EC97-4001-BB9B-D90F1AF2C371}.net_3_5_Debug|Any CPU.ActiveCfg = Debug|Any CPU
		{3B2A5653-EC97-4001-BB9B-D90F1AF2C371}.net_3_5_Debug|Any CPU.Build.0 = Debug|Any CPU
		{3B2A5653-EC97-4001-BB9B-D90F1AF2C371}.net_3_5_Debug|x86.ActiveCfg = Debug|Any CPU
		{3B2A5653-EC97-4001-BB9B-D90F1AF2C371}.net_3_5_Debug|x86.Build.0 = Debug|Any CPU
		{3B2A5653-EC97-4001-BB9B-D90F1AF2C371}.net_3_5_Release|Any CPU.ActiveCfg = Release|Any CPU
		{3B2A5653-EC97-4001-BB9B-D90F1AF2C371}.net_3_5_Release|Any CPU.Build.0 = Release|Any CPU
		{3B2A5653-EC97-4001-BB9B-D90F1AF2C371}.net_3_5_Release|x86.ActiveCfg = Release|Any CPU
		{3B2A5653-EC97-4001-BB9B-D90F1AF2C371}.net_3_5_Release|x86.Build.0 = Release|Any CPU
		{3B2A5653-EC97-4001-BB9B-D90F1AF2C371}.net_4_0_Debug|Any CPU.ActiveCfg = Debug|Any CPU
		{3B2A5653-EC97-4001-BB9B-D90F1AF2C371}.net_4_0_Debug|Any CPU.Build.0 = Debug|Any CPU
		{3B2A5653-EC97-4001-BB9B-D90F1AF2C371}.net_4_0_Debug|x86.ActiveCfg = net_4_5_Release|Any CPU
		{3B2A5653-EC97-4001-BB9B-D90F1AF2C371}.net_4_0_Debug|x86.Build.0 = net_4_5_Release|Any CPU
		{3B2A5653-EC97-4001-BB9B-D90F1AF2C371}.net_4_0_Release|Any CPU.ActiveCfg = Release|Any CPU
		{3B2A5653-EC97-4001-BB9B-D90F1AF2C371}.net_4_0_Release|Any CPU.Build.0 = Release|Any CPU
		{3B2A5653-EC97-4001-BB9B-D90F1AF2C371}.net_4_0_Release|x86.ActiveCfg = Release|Any CPU
		{3B2A5653-EC97-4001-BB9B-D90F1AF2C371}.net_4_0_Release|x86.Build.0 = Release|Any CPU
		{3B2A5653-EC97-4001-BB9B-D90F1AF2C371}.net_4_5_Debug|Any CPU.ActiveCfg = net_4_5_Debug|Any CPU
		{3B2A5653-EC97-4001-BB9B-D90F1AF2C371}.net_4_5_Debug|Any CPU.Build.0 = net_4_5_Debug|Any CPU
		{3B2A5653-EC97-4001-BB9B-D90F1AF2C371}.net_4_5_Debug|x86.ActiveCfg = net_4_5_Debug|Any CPU
		{3B2A5653-EC97-4001-BB9B-D90F1AF2C371}.net_4_5_Debug|x86.Build.0 = net_4_5_Debug|Any CPU
		{3B2A5653-EC97-4001-BB9B-D90F1AF2C371}.net_4_5_Release|Any CPU.ActiveCfg = net_4_5_Release|Any CPU
		{3B2A5653-EC97-4001-BB9B-D90F1AF2C371}.net_4_5_Release|Any CPU.Build.0 = net_4_5_Release|Any CPU
		{3B2A5653-EC97-4001-BB9B-D90F1AF2C371}.net_4_5_Release|x86.ActiveCfg = net_4_5_Release|Any CPU
		{3B2A5653-EC97-4001-BB9B-D90F1AF2C371}.net_4_5_Release|x86.Build.0 = net_4_5_Release|Any CPU
		{3B2A5653-EC97-4001-BB9B-D90F1AF2C371}.Release|Any CPU.ActiveCfg = Release|Any CPU
		{3B2A5653-EC97-4001-BB9B-D90F1AF2C371}.Release|Any CPU.Build.0 = Release|Any CPU
		{3B2A5653-EC97-4001-BB9B-D90F1AF2C371}.Release|x86.ActiveCfg = Release|Any CPU
		{3B2A5653-EC97-4001-BB9B-D90F1AF2C371}.Release|x86.Build.0 = Release|Any CPU
		{3B2A5653-EC97-4001-BB9B-D90F1AF2C371}.silverlight_Debug|Any CPU.ActiveCfg = Debug|Any CPU
		{3B2A5653-EC97-4001-BB9B-D90F1AF2C371}.silverlight_Debug|Any CPU.Build.0 = Debug|Any CPU
		{3B2A5653-EC97-4001-BB9B-D90F1AF2C371}.silverlight_Debug|x86.ActiveCfg = Debug|Any CPU
		{3B2A5653-EC97-4001-BB9B-D90F1AF2C371}.silverlight_Debug|x86.Build.0 = Debug|Any CPU
		{3B2A5653-EC97-4001-BB9B-D90F1AF2C371}.silverlight_Release|Any CPU.ActiveCfg = Release|Any CPU
		{3B2A5653-EC97-4001-BB9B-D90F1AF2C371}.silverlight_Release|Any CPU.Build.0 = Release|Any CPU
		{3B2A5653-EC97-4001-BB9B-D90F1AF2C371}.silverlight_Release|x86.ActiveCfg = Release|Any CPU
		{3B2A5653-EC97-4001-BB9B-D90F1AF2C371}.silverlight_Release|x86.Build.0 = Release|Any CPU
		{3B2A5653-EC97-4001-BB9B-D90F1AF2C371}.winphone_Debug|Any CPU.ActiveCfg = Debug|Any CPU
		{3B2A5653-EC97-4001-BB9B-D90F1AF2C371}.winphone_Debug|Any CPU.Build.0 = Debug|Any CPU
		{3B2A5653-EC97-4001-BB9B-D90F1AF2C371}.winphone_Debug|x86.ActiveCfg = Debug|Any CPU
		{3B2A5653-EC97-4001-BB9B-D90F1AF2C371}.winphone_Debug|x86.Build.0 = Debug|Any CPU
		{3B2A5653-EC97-4001-BB9B-D90F1AF2C371}.winphone_Release|Any CPU.ActiveCfg = Release|Any CPU
		{3B2A5653-EC97-4001-BB9B-D90F1AF2C371}.winphone_Release|Any CPU.Build.0 = Release|Any CPU
		{3B2A5653-EC97-4001-BB9B-D90F1AF2C371}.winphone_Release|x86.ActiveCfg = Release|Any CPU
		{3B2A5653-EC97-4001-BB9B-D90F1AF2C371}.winphone_Release|x86.Build.0 = Release|Any CPU
		{53DCA265-3C3C-42F9-B647-F72BA678122B}.Debug|Any CPU.ActiveCfg = Debug|Any CPU
		{53DCA265-3C3C-42F9-B647-F72BA678122B}.Debug|Any CPU.Build.0 = Debug|Any CPU
		{53DCA265-3C3C-42F9-B647-F72BA678122B}.Debug|x86.ActiveCfg = Debug|Any CPU
		{53DCA265-3C3C-42F9-B647-F72BA678122B}.Debug|x86.Build.0 = Debug|Any CPU
		{53DCA265-3C3C-42F9-B647-F72BA678122B}.net_2_0_Debug|Any CPU.ActiveCfg = Debug|Any CPU
		{53DCA265-3C3C-42F9-B647-F72BA678122B}.net_2_0_Debug|Any CPU.Build.0 = Debug|Any CPU
		{53DCA265-3C3C-42F9-B647-F72BA678122B}.net_2_0_Debug|x86.ActiveCfg = Debug|Any CPU
		{53DCA265-3C3C-42F9-B647-F72BA678122B}.net_2_0_Debug|x86.Build.0 = Debug|Any CPU
		{53DCA265-3C3C-42F9-B647-F72BA678122B}.net_2_0_Release|Any CPU.ActiveCfg = Release|Any CPU
		{53DCA265-3C3C-42F9-B647-F72BA678122B}.net_2_0_Release|Any CPU.Build.0 = Release|Any CPU
		{53DCA265-3C3C-42F9-B647-F72BA678122B}.net_2_0_Release|x86.ActiveCfg = Release|Any CPU
		{53DCA265-3C3C-42F9-B647-F72BA678122B}.net_2_0_Release|x86.Build.0 = Release|Any CPU
		{53DCA265-3C3C-42F9-B647-F72BA678122B}.net_3_5_Debug|Any CPU.ActiveCfg = Debug|Any CPU
		{53DCA265-3C3C-42F9-B647-F72BA678122B}.net_3_5_Debug|Any CPU.Build.0 = Debug|Any CPU
		{53DCA265-3C3C-42F9-B647-F72BA678122B}.net_3_5_Debug|x86.ActiveCfg = Debug|Any CPU
		{53DCA265-3C3C-42F9-B647-F72BA678122B}.net_3_5_Debug|x86.Build.0 = Debug|Any CPU
		{53DCA265-3C3C-42F9-B647-F72BA678122B}.net_3_5_Release|Any CPU.ActiveCfg = Release|Any CPU
		{53DCA265-3C3C-42F9-B647-F72BA678122B}.net_3_5_Release|Any CPU.Build.0 = Release|Any CPU
		{53DCA265-3C3C-42F9-B647-F72BA678122B}.net_3_5_Release|x86.ActiveCfg = Release|Any CPU
		{53DCA265-3C3C-42F9-B647-F72BA678122B}.net_3_5_Release|x86.Build.0 = Release|Any CPU
		{53DCA265-3C3C-42F9-B647-F72BA678122B}.net_4_0_Debug|Any CPU.ActiveCfg = Debug|Any CPU
		{53DCA265-3C3C-42F9-B647-F72BA678122B}.net_4_0_Debug|Any CPU.Build.0 = Debug|Any CPU
		{53DCA265-3C3C-42F9-B647-F72BA678122B}.net_4_0_Debug|x86.ActiveCfg = net_4_5_Release|Any CPU
		{53DCA265-3C3C-42F9-B647-F72BA678122B}.net_4_0_Debug|x86.Build.0 = net_4_5_Release|Any CPU
		{53DCA265-3C3C-42F9-B647-F72BA678122B}.net_4_0_Release|Any CPU.ActiveCfg = Release|Any CPU
		{53DCA265-3C3C-42F9-B647-F72BA678122B}.net_4_0_Release|Any CPU.Build.0 = Release|Any CPU
		{53DCA265-3C3C-42F9-B647-F72BA678122B}.net_4_0_Release|x86.ActiveCfg = Release|Any CPU
		{53DCA265-3C3C-42F9-B647-F72BA678122B}.net_4_0_Release|x86.Build.0 = Release|Any CPU
		{53DCA265-3C3C-42F9-B647-F72BA678122B}.net_4_5_Debug|Any CPU.ActiveCfg = net_4_5_Debug|Any CPU
		{53DCA265-3C3C-42F9-B647-F72BA678122B}.net_4_5_Debug|Any CPU.Build.0 = net_4_5_Debug|Any CPU
		{53DCA265-3C3C-42F9-B647-F72BA678122B}.net_4_5_Debug|x86.ActiveCfg = net_4_5_Debug|Any CPU
		{53DCA265-3C3C-42F9-B647-F72BA678122B}.net_4_5_Debug|x86.Build.0 = net_4_5_Debug|Any CPU
		{53DCA265-3C3C-42F9-B647-F72BA678122B}.net_4_5_Release|Any CPU.ActiveCfg = net_4_5_Release|Any CPU
		{53DCA265-3C3C-42F9-B647-F72BA678122B}.net_4_5_Release|Any CPU.Build.0 = net_4_5_Release|Any CPU
		{53DCA265-3C3C-42F9-B647-F72BA678122B}.net_4_5_Release|x86.ActiveCfg = net_4_5_Release|Any CPU
		{53DCA265-3C3C-42F9-B647-F72BA678122B}.net_4_5_Release|x86.Build.0 = net_4_5_Release|Any CPU
		{53DCA265-3C3C-42F9-B647-F72BA678122B}.Release|Any CPU.ActiveCfg = Release|Any CPU
		{53DCA265-3C3C-42F9-B647-F72BA678122B}.Release|Any CPU.Build.0 = Release|Any CPU
		{53DCA265-3C3C-42F9-B647-F72BA678122B}.Release|x86.ActiveCfg = Release|Any CPU
		{53DCA265-3C3C-42F9-B647-F72BA678122B}.Release|x86.Build.0 = Release|Any CPU
		{53DCA265-3C3C-42F9-B647-F72BA678122B}.silverlight_Debug|Any CPU.ActiveCfg = Debug|Any CPU
		{53DCA265-3C3C-42F9-B647-F72BA678122B}.silverlight_Debug|Any CPU.Build.0 = Debug|Any CPU
		{53DCA265-3C3C-42F9-B647-F72BA678122B}.silverlight_Debug|x86.ActiveCfg = Debug|Any CPU
		{53DCA265-3C3C-42F9-B647-F72BA678122B}.silverlight_Debug|x86.Build.0 = Debug|Any CPU
		{53DCA265-3C3C-42F9-B647-F72BA678122B}.silverlight_Release|Any CPU.ActiveCfg = Release|Any CPU
		{53DCA265-3C3C-42F9-B647-F72BA678122B}.silverlight_Release|Any CPU.Build.0 = Release|Any CPU
		{53DCA265-3C3C-42F9-B647-F72BA678122B}.silverlight_Release|x86.ActiveCfg = Release|Any CPU
		{53DCA265-3C3C-42F9-B647-F72BA678122B}.silverlight_Release|x86.Build.0 = Release|Any CPU
		{53DCA265-3C3C-42F9-B647-F72BA678122B}.winphone_Debug|Any CPU.ActiveCfg = Debug|Any CPU
		{53DCA265-3C3C-42F9-B647-F72BA678122B}.winphone_Debug|Any CPU.Build.0 = Debug|Any CPU
		{53DCA265-3C3C-42F9-B647-F72BA678122B}.winphone_Debug|x86.ActiveCfg = Debug|Any CPU
		{53DCA265-3C3C-42F9-B647-F72BA678122B}.winphone_Debug|x86.Build.0 = Debug|Any CPU
		{53DCA265-3C3C-42F9-B647-F72BA678122B}.winphone_Release|Any CPU.ActiveCfg = Release|Any CPU
		{53DCA265-3C3C-42F9-B647-F72BA678122B}.winphone_Release|Any CPU.Build.0 = Release|Any CPU
		{53DCA265-3C3C-42F9-B647-F72BA678122B}.winphone_Release|x86.ActiveCfg = Release|Any CPU
		{53DCA265-3C3C-42F9-B647-F72BA678122B}.winphone_Release|x86.Build.0 = Release|Any CPU
		{984CC812-9470-4A13-AFF9-CC44068D666C}.Debug|Any CPU.ActiveCfg = Debug|Any CPU
		{984CC812-9470-4A13-AFF9-CC44068D666C}.Debug|Any CPU.Build.0 = Debug|Any CPU
		{984CC812-9470-4A13-AFF9-CC44068D666C}.Debug|x86.ActiveCfg = Debug|Any CPU
		{984CC812-9470-4A13-AFF9-CC44068D666C}.Debug|x86.Build.0 = Debug|Any CPU
		{984CC812-9470-4A13-AFF9-CC44068D666C}.net_2_0_Debug|Any CPU.ActiveCfg = Debug|Any CPU
		{984CC812-9470-4A13-AFF9-CC44068D666C}.net_2_0_Debug|Any CPU.Build.0 = Debug|Any CPU
		{984CC812-9470-4A13-AFF9-CC44068D666C}.net_2_0_Debug|x86.ActiveCfg = Debug|Any CPU
		{984CC812-9470-4A13-AFF9-CC44068D666C}.net_2_0_Debug|x86.Build.0 = Debug|Any CPU
		{984CC812-9470-4A13-AFF9-CC44068D666C}.net_2_0_Release|Any CPU.ActiveCfg = Release|Any CPU
		{984CC812-9470-4A13-AFF9-CC44068D666C}.net_2_0_Release|Any CPU.Build.0 = Release|Any CPU
		{984CC812-9470-4A13-AFF9-CC44068D666C}.net_2_0_Release|x86.ActiveCfg = Release|Any CPU
		{984CC812-9470-4A13-AFF9-CC44068D666C}.net_2_0_Release|x86.Build.0 = Release|Any CPU
		{984CC812-9470-4A13-AFF9-CC44068D666C}.net_3_5_Debug|Any CPU.ActiveCfg = Debug|Any CPU
		{984CC812-9470-4A13-AFF9-CC44068D666C}.net_3_5_Debug|Any CPU.Build.0 = Debug|Any CPU
		{984CC812-9470-4A13-AFF9-CC44068D666C}.net_3_5_Debug|x86.ActiveCfg = Debug|Any CPU
		{984CC812-9470-4A13-AFF9-CC44068D666C}.net_3_5_Debug|x86.Build.0 = Debug|Any CPU
		{984CC812-9470-4A13-AFF9-CC44068D666C}.net_3_5_Release|Any CPU.ActiveCfg = Release|Any CPU
		{984CC812-9470-4A13-AFF9-CC44068D666C}.net_3_5_Release|Any CPU.Build.0 = Release|Any CPU
		{984CC812-9470-4A13-AFF9-CC44068D666C}.net_3_5_Release|x86.ActiveCfg = Release|Any CPU
		{984CC812-9470-4A13-AFF9-CC44068D666C}.net_3_5_Release|x86.Build.0 = Release|Any CPU
		{984CC812-9470-4A13-AFF9-CC44068D666C}.net_4_0_Debug|Any CPU.ActiveCfg = Debug|Any CPU
		{984CC812-9470-4A13-AFF9-CC44068D666C}.net_4_0_Debug|Any CPU.Build.0 = Debug|Any CPU
		{984CC812-9470-4A13-AFF9-CC44068D666C}.net_4_0_Debug|x86.ActiveCfg = Debug|Any CPU
		{984CC812-9470-4A13-AFF9-CC44068D666C}.net_4_0_Debug|x86.Build.0 = Debug|Any CPU
		{984CC812-9470-4A13-AFF9-CC44068D666C}.net_4_0_Release|Any CPU.ActiveCfg = Release|Any CPU
		{984CC812-9470-4A13-AFF9-CC44068D666C}.net_4_0_Release|Any CPU.Build.0 = Release|Any CPU
		{984CC812-9470-4A13-AFF9-CC44068D666C}.net_4_0_Release|x86.ActiveCfg = Release|Any CPU
		{984CC812-9470-4A13-AFF9-CC44068D666C}.net_4_0_Release|x86.Build.0 = Release|Any CPU
		{984CC812-9470-4A13-AFF9-CC44068D666C}.net_4_5_Debug|Any CPU.ActiveCfg = Debug|Any CPU
		{984CC812-9470-4A13-AFF9-CC44068D666C}.net_4_5_Debug|Any CPU.Build.0 = Debug|Any CPU
		{984CC812-9470-4A13-AFF9-CC44068D666C}.net_4_5_Debug|x86.ActiveCfg = Debug|Any CPU
		{984CC812-9470-4A13-AFF9-CC44068D666C}.net_4_5_Debug|x86.Build.0 = Debug|Any CPU
		{984CC812-9470-4A13-AFF9-CC44068D666C}.net_4_5_Release|Any CPU.ActiveCfg = Debug|Any CPU
		{984CC812-9470-4A13-AFF9-CC44068D666C}.net_4_5_Release|Any CPU.Build.0 = Debug|Any CPU
		{984CC812-9470-4A13-AFF9-CC44068D666C}.net_4_5_Release|x86.ActiveCfg = Release|Any CPU
		{984CC812-9470-4A13-AFF9-CC44068D666C}.net_4_5_Release|x86.Build.0 = Release|Any CPU
		{984CC812-9470-4A13-AFF9-CC44068D666C}.Release|Any CPU.ActiveCfg = Release|Any CPU
		{984CC812-9470-4A13-AFF9-CC44068D666C}.Release|Any CPU.Build.0 = Release|Any CPU
		{984CC812-9470-4A13-AFF9-CC44068D666C}.Release|x86.ActiveCfg = Release|Any CPU
		{984CC812-9470-4A13-AFF9-CC44068D666C}.Release|x86.Build.0 = Release|Any CPU
		{984CC812-9470-4A13-AFF9-CC44068D666C}.silverlight_Debug|Any CPU.ActiveCfg = Debug|Any CPU
		{984CC812-9470-4A13-AFF9-CC44068D666C}.silverlight_Debug|Any CPU.Build.0 = Debug|Any CPU
		{984CC812-9470-4A13-AFF9-CC44068D666C}.silverlight_Debug|x86.ActiveCfg = Debug|Any CPU
		{984CC812-9470-4A13-AFF9-CC44068D666C}.silverlight_Debug|x86.Build.0 = Debug|Any CPU
		{984CC812-9470-4A13-AFF9-CC44068D666C}.silverlight_Release|Any CPU.ActiveCfg = Release|Any CPU
		{984CC812-9470-4A13-AFF9-CC44068D666C}.silverlight_Release|Any CPU.Build.0 = Release|Any CPU
		{984CC812-9470-4A13-AFF9-CC44068D666C}.silverlight_Release|x86.ActiveCfg = Release|Any CPU
		{984CC812-9470-4A13-AFF9-CC44068D666C}.silverlight_Release|x86.Build.0 = Release|Any CPU
		{984CC812-9470-4A13-AFF9-CC44068D666C}.winphone_Debug|Any CPU.ActiveCfg = Debug|Any CPU
		{984CC812-9470-4A13-AFF9-CC44068D666C}.winphone_Debug|Any CPU.Build.0 = Debug|Any CPU
		{984CC812-9470-4A13-AFF9-CC44068D666C}.winphone_Debug|x86.ActiveCfg = Debug|Any CPU
		{984CC812-9470-4A13-AFF9-CC44068D666C}.winphone_Debug|x86.Build.0 = Debug|Any CPU
		{984CC812-9470-4A13-AFF9-CC44068D666C}.winphone_Release|Any CPU.ActiveCfg = Release|Any CPU
		{984CC812-9470-4A13-AFF9-CC44068D666C}.winphone_Release|Any CPU.Build.0 = Release|Any CPU
		{984CC812-9470-4A13-AFF9-CC44068D666C}.winphone_Release|x86.ActiveCfg = Release|Any CPU
		{984CC812-9470-4A13-AFF9-CC44068D666C}.winphone_Release|x86.Build.0 = Release|Any CPU
		{E494A3AA-DFA4-451F-9DC6-670F486F3E5E}.Debug|Any CPU.ActiveCfg = Debug|Any CPU
		{E494A3AA-DFA4-451F-9DC6-670F486F3E5E}.Debug|Any CPU.Build.0 = Debug|Any CPU
		{E494A3AA-DFA4-451F-9DC6-670F486F3E5E}.Debug|x86.ActiveCfg = Debug|Any CPU
		{E494A3AA-DFA4-451F-9DC6-670F486F3E5E}.Debug|x86.Build.0 = Debug|Any CPU
		{E494A3AA-DFA4-451F-9DC6-670F486F3E5E}.net_2_0_Debug|Any CPU.ActiveCfg = Debug|Any CPU
		{E494A3AA-DFA4-451F-9DC6-670F486F3E5E}.net_2_0_Debug|Any CPU.Build.0 = Debug|Any CPU
		{E494A3AA-DFA4-451F-9DC6-670F486F3E5E}.net_2_0_Debug|x86.ActiveCfg = Debug|Any CPU
		{E494A3AA-DFA4-451F-9DC6-670F486F3E5E}.net_2_0_Debug|x86.Build.0 = Debug|Any CPU
		{E494A3AA-DFA4-451F-9DC6-670F486F3E5E}.net_2_0_Release|Any CPU.ActiveCfg = Release|Any CPU
		{E494A3AA-DFA4-451F-9DC6-670F486F3E5E}.net_2_0_Release|Any CPU.Build.0 = Release|Any CPU
		{E494A3AA-DFA4-451F-9DC6-670F486F3E5E}.net_2_0_Release|x86.ActiveCfg = Release|Any CPU
		{E494A3AA-DFA4-451F-9DC6-670F486F3E5E}.net_2_0_Release|x86.Build.0 = Release|Any CPU
		{E494A3AA-DFA4-451F-9DC6-670F486F3E5E}.net_3_5_Debug|Any CPU.ActiveCfg = Debug|Any CPU
		{E494A3AA-DFA4-451F-9DC6-670F486F3E5E}.net_3_5_Debug|Any CPU.Build.0 = Debug|Any CPU
		{E494A3AA-DFA4-451F-9DC6-670F486F3E5E}.net_3_5_Debug|x86.ActiveCfg = Debug|Any CPU
		{E494A3AA-DFA4-451F-9DC6-670F486F3E5E}.net_3_5_Debug|x86.Build.0 = Debug|Any CPU
		{E494A3AA-DFA4-451F-9DC6-670F486F3E5E}.net_3_5_Release|Any CPU.ActiveCfg = Release|Any CPU
		{E494A3AA-DFA4-451F-9DC6-670F486F3E5E}.net_3_5_Release|Any CPU.Build.0 = Release|Any CPU
		{E494A3AA-DFA4-451F-9DC6-670F486F3E5E}.net_3_5_Release|x86.ActiveCfg = Release|Any CPU
		{E494A3AA-DFA4-451F-9DC6-670F486F3E5E}.net_3_5_Release|x86.Build.0 = Release|Any CPU
		{E494A3AA-DFA4-451F-9DC6-670F486F3E5E}.net_4_0_Debug|Any CPU.ActiveCfg = Debug|Any CPU
		{E494A3AA-DFA4-451F-9DC6-670F486F3E5E}.net_4_0_Debug|Any CPU.Build.0 = Debug|Any CPU
		{E494A3AA-DFA4-451F-9DC6-670F486F3E5E}.net_4_0_Debug|x86.ActiveCfg = Debug|Any CPU
		{E494A3AA-DFA4-451F-9DC6-670F486F3E5E}.net_4_0_Debug|x86.Build.0 = Debug|Any CPU
		{E494A3AA-DFA4-451F-9DC6-670F486F3E5E}.net_4_0_Release|Any CPU.ActiveCfg = Release|Any CPU
		{E494A3AA-DFA4-451F-9DC6-670F486F3E5E}.net_4_0_Release|Any CPU.Build.0 = Release|Any CPU
		{E494A3AA-DFA4-451F-9DC6-670F486F3E5E}.net_4_0_Release|x86.ActiveCfg = Release|Any CPU
		{E494A3AA-DFA4-451F-9DC6-670F486F3E5E}.net_4_0_Release|x86.Build.0 = Release|Any CPU
		{E494A3AA-DFA4-451F-9DC6-670F486F3E5E}.net_4_5_Debug|Any CPU.ActiveCfg = Debug|Any CPU
		{E494A3AA-DFA4-451F-9DC6-670F486F3E5E}.net_4_5_Debug|Any CPU.Build.0 = Debug|Any CPU
		{E494A3AA-DFA4-451F-9DC6-670F486F3E5E}.net_4_5_Debug|x86.ActiveCfg = Debug|Any CPU
		{E494A3AA-DFA4-451F-9DC6-670F486F3E5E}.net_4_5_Debug|x86.Build.0 = Debug|Any CPU
		{E494A3AA-DFA4-451F-9DC6-670F486F3E5E}.net_4_5_Release|Any CPU.ActiveCfg = Release|Any CPU
		{E494A3AA-DFA4-451F-9DC6-670F486F3E5E}.net_4_5_Release|Any CPU.Build.0 = Release|Any CPU
		{E494A3AA-DFA4-451F-9DC6-670F486F3E5E}.net_4_5_Release|x86.ActiveCfg = Release|Any CPU
		{E494A3AA-DFA4-451F-9DC6-670F486F3E5E}.net_4_5_Release|x86.Build.0 = Release|Any CPU
		{E494A3AA-DFA4-451F-9DC6-670F486F3E5E}.Release|Any CPU.ActiveCfg = Release|Any CPU
		{E494A3AA-DFA4-451F-9DC6-670F486F3E5E}.Release|Any CPU.Build.0 = Release|Any CPU
		{E494A3AA-DFA4-451F-9DC6-670F486F3E5E}.Release|x86.ActiveCfg = Release|Any CPU
		{E494A3AA-DFA4-451F-9DC6-670F486F3E5E}.Release|x86.Build.0 = Release|Any CPU
		{E494A3AA-DFA4-451F-9DC6-670F486F3E5E}.silverlight_Debug|Any CPU.ActiveCfg = Debug|Any CPU
		{E494A3AA-DFA4-451F-9DC6-670F486F3E5E}.silverlight_Debug|Any CPU.Build.0 = Debug|Any CPU
		{E494A3AA-DFA4-451F-9DC6-670F486F3E5E}.silverlight_Debug|x86.ActiveCfg = Debug|Any CPU
		{E494A3AA-DFA4-451F-9DC6-670F486F3E5E}.silverlight_Debug|x86.Build.0 = Debug|Any CPU
		{E494A3AA-DFA4-451F-9DC6-670F486F3E5E}.silverlight_Release|Any CPU.ActiveCfg = Release|Any CPU
		{E494A3AA-DFA4-451F-9DC6-670F486F3E5E}.silverlight_Release|Any CPU.Build.0 = Release|Any CPU
		{E494A3AA-DFA4-451F-9DC6-670F486F3E5E}.silverlight_Release|x86.ActiveCfg = Release|Any CPU
		{E494A3AA-DFA4-451F-9DC6-670F486F3E5E}.silverlight_Release|x86.Build.0 = Release|Any CPU
		{E494A3AA-DFA4-451F-9DC6-670F486F3E5E}.winphone_Debug|Any CPU.ActiveCfg = Debug|Any CPU
		{E494A3AA-DFA4-451F-9DC6-670F486F3E5E}.winphone_Debug|Any CPU.Build.0 = Debug|Any CPU
		{E494A3AA-DFA4-451F-9DC6-670F486F3E5E}.winphone_Debug|x86.ActiveCfg = Debug|Any CPU
		{E494A3AA-DFA4-451F-9DC6-670F486F3E5E}.winphone_Debug|x86.Build.0 = Debug|Any CPU
		{E494A3AA-DFA4-451F-9DC6-670F486F3E5E}.winphone_Release|Any CPU.ActiveCfg = Release|Any CPU
		{E494A3AA-DFA4-451F-9DC6-670F486F3E5E}.winphone_Release|Any CPU.Build.0 = Release|Any CPU
		{E494A3AA-DFA4-451F-9DC6-670F486F3E5E}.winphone_Release|x86.ActiveCfg = Release|Any CPU
		{E494A3AA-DFA4-451F-9DC6-670F486F3E5E}.winphone_Release|x86.Build.0 = Release|Any CPU
		{25EB6D5A-5FB8-4850-8833-A5177E1D69A4}.Debug|Any CPU.ActiveCfg = Debug|Any CPU
		{25EB6D5A-5FB8-4850-8833-A5177E1D69A4}.Debug|Any CPU.Build.0 = Debug|Any CPU
		{25EB6D5A-5FB8-4850-8833-A5177E1D69A4}.Debug|x86.ActiveCfg = Debug|Any CPU
		{25EB6D5A-5FB8-4850-8833-A5177E1D69A4}.Debug|x86.Build.0 = Debug|Any CPU
		{25EB6D5A-5FB8-4850-8833-A5177E1D69A4}.net_2_0_Debug|Any CPU.ActiveCfg = Debug|Any CPU
		{25EB6D5A-5FB8-4850-8833-A5177E1D69A4}.net_2_0_Debug|Any CPU.Build.0 = Debug|Any CPU
		{25EB6D5A-5FB8-4850-8833-A5177E1D69A4}.net_2_0_Debug|x86.ActiveCfg = Debug|Any CPU
		{25EB6D5A-5FB8-4850-8833-A5177E1D69A4}.net_2_0_Debug|x86.Build.0 = Debug|Any CPU
		{25EB6D5A-5FB8-4850-8833-A5177E1D69A4}.net_2_0_Release|Any CPU.ActiveCfg = Release|Any CPU
		{25EB6D5A-5FB8-4850-8833-A5177E1D69A4}.net_2_0_Release|Any CPU.Build.0 = Release|Any CPU
		{25EB6D5A-5FB8-4850-8833-A5177E1D69A4}.net_2_0_Release|x86.ActiveCfg = Release|Any CPU
		{25EB6D5A-5FB8-4850-8833-A5177E1D69A4}.net_2_0_Release|x86.Build.0 = Release|Any CPU
		{25EB6D5A-5FB8-4850-8833-A5177E1D69A4}.net_3_5_Debug|Any CPU.ActiveCfg = Debug|Any CPU
		{25EB6D5A-5FB8-4850-8833-A5177E1D69A4}.net_3_5_Debug|Any CPU.Build.0 = Debug|Any CPU
		{25EB6D5A-5FB8-4850-8833-A5177E1D69A4}.net_3_5_Debug|x86.ActiveCfg = Debug|Any CPU
		{25EB6D5A-5FB8-4850-8833-A5177E1D69A4}.net_3_5_Debug|x86.Build.0 = Debug|Any CPU
		{25EB6D5A-5FB8-4850-8833-A5177E1D69A4}.net_3_5_Release|Any CPU.ActiveCfg = Release|Any CPU
		{25EB6D5A-5FB8-4850-8833-A5177E1D69A4}.net_3_5_Release|Any CPU.Build.0 = Release|Any CPU
		{25EB6D5A-5FB8-4850-8833-A5177E1D69A4}.net_3_5_Release|x86.ActiveCfg = Release|Any CPU
		{25EB6D5A-5FB8-4850-8833-A5177E1D69A4}.net_3_5_Release|x86.Build.0 = Release|Any CPU
		{25EB6D5A-5FB8-4850-8833-A5177E1D69A4}.net_4_0_Debug|Any CPU.ActiveCfg = Debug|Any CPU
		{25EB6D5A-5FB8-4850-8833-A5177E1D69A4}.net_4_0_Debug|Any CPU.Build.0 = Debug|Any CPU
		{25EB6D5A-5FB8-4850-8833-A5177E1D69A4}.net_4_0_Debug|x86.ActiveCfg = Debug|Any CPU
		{25EB6D5A-5FB8-4850-8833-A5177E1D69A4}.net_4_0_Debug|x86.Build.0 = Debug|Any CPU
		{25EB6D5A-5FB8-4850-8833-A5177E1D69A4}.net_4_0_Release|Any CPU.ActiveCfg = Release|Any CPU
		{25EB6D5A-5FB8-4850-8833-A5177E1D69A4}.net_4_0_Release|Any CPU.Build.0 = Release|Any CPU
		{25EB6D5A-5FB8-4850-8833-A5177E1D69A4}.net_4_0_Release|x86.ActiveCfg = Release|Any CPU
		{25EB6D5A-5FB8-4850-8833-A5177E1D69A4}.net_4_0_Release|x86.Build.0 = Release|Any CPU
		{25EB6D5A-5FB8-4850-8833-A5177E1D69A4}.net_4_5_Debug|Any CPU.ActiveCfg = Debug|Any CPU
		{25EB6D5A-5FB8-4850-8833-A5177E1D69A4}.net_4_5_Debug|Any CPU.Build.0 = Debug|Any CPU
		{25EB6D5A-5FB8-4850-8833-A5177E1D69A4}.net_4_5_Debug|x86.ActiveCfg = Debug|Any CPU
		{25EB6D5A-5FB8-4850-8833-A5177E1D69A4}.net_4_5_Debug|x86.Build.0 = Debug|Any CPU
		{25EB6D5A-5FB8-4850-8833-A5177E1D69A4}.net_4_5_Release|Any CPU.ActiveCfg = Release|Any CPU
		{25EB6D5A-5FB8-4850-8833-A5177E1D69A4}.net_4_5_Release|Any CPU.Build.0 = Release|Any CPU
		{25EB6D5A-5FB8-4850-8833-A5177E1D69A4}.net_4_5_Release|x86.ActiveCfg = Release|Any CPU
		{25EB6D5A-5FB8-4850-8833-A5177E1D69A4}.net_4_5_Release|x86.Build.0 = Release|Any CPU
		{25EB6D5A-5FB8-4850-8833-A5177E1D69A4}.Release|Any CPU.ActiveCfg = Release|Any CPU
		{25EB6D5A-5FB8-4850-8833-A5177E1D69A4}.Release|Any CPU.Build.0 = Release|Any CPU
		{25EB6D5A-5FB8-4850-8833-A5177E1D69A4}.Release|x86.ActiveCfg = Release|Any CPU
		{25EB6D5A-5FB8-4850-8833-A5177E1D69A4}.Release|x86.Build.0 = Release|Any CPU
		{25EB6D5A-5FB8-4850-8833-A5177E1D69A4}.silverlight_Debug|Any CPU.ActiveCfg = Debug|Any CPU
		{25EB6D5A-5FB8-4850-8833-A5177E1D69A4}.silverlight_Debug|Any CPU.Build.0 = Debug|Any CPU
		{25EB6D5A-5FB8-4850-8833-A5177E1D69A4}.silverlight_Debug|x86.ActiveCfg = Debug|Any CPU
		{25EB6D5A-5FB8-4850-8833-A5177E1D69A4}.silverlight_Debug|x86.Build.0 = Debug|Any CPU
		{25EB6D5A-5FB8-4850-8833-A5177E1D69A4}.silverlight_Release|Any CPU.ActiveCfg = Release|Any CPU
		{25EB6D5A-5FB8-4850-8833-A5177E1D69A4}.silverlight_Release|Any CPU.Build.0 = Release|Any CPU
		{25EB6D5A-5FB8-4850-8833-A5177E1D69A4}.silverlight_Release|x86.ActiveCfg = Release|Any CPU
		{25EB6D5A-5FB8-4850-8833-A5177E1D69A4}.silverlight_Release|x86.Build.0 = Release|Any CPU
		{25EB6D5A-5FB8-4850-8833-A5177E1D69A4}.winphone_Debug|Any CPU.ActiveCfg = Debug|Any CPU
		{25EB6D5A-5FB8-4850-8833-A5177E1D69A4}.winphone_Debug|Any CPU.Build.0 = Debug|Any CPU
		{25EB6D5A-5FB8-4850-8833-A5177E1D69A4}.winphone_Debug|x86.ActiveCfg = Debug|Any CPU
		{25EB6D5A-5FB8-4850-8833-A5177E1D69A4}.winphone_Debug|x86.Build.0 = Debug|Any CPU
		{25EB6D5A-5FB8-4850-8833-A5177E1D69A4}.winphone_Release|Any CPU.ActiveCfg = Release|Any CPU
		{25EB6D5A-5FB8-4850-8833-A5177E1D69A4}.winphone_Release|Any CPU.Build.0 = Release|Any CPU
		{25EB6D5A-5FB8-4850-8833-A5177E1D69A4}.winphone_Release|x86.ActiveCfg = Release|Any CPU
		{25EB6D5A-5FB8-4850-8833-A5177E1D69A4}.winphone_Release|x86.Build.0 = Release|Any CPU
		{BD886813-4A4E-449C-94A1-370175ACAC49}.Debug|Any CPU.ActiveCfg = Debug|Any CPU
		{BD886813-4A4E-449C-94A1-370175ACAC49}.Debug|Any CPU.Build.0 = Debug|Any CPU
		{BD886813-4A4E-449C-94A1-370175ACAC49}.Debug|x86.ActiveCfg = Debug|Any CPU
		{BD886813-4A4E-449C-94A1-370175ACAC49}.Debug|x86.Build.0 = Debug|Any CPU
		{BD886813-4A4E-449C-94A1-370175ACAC49}.net_2_0_Debug|Any CPU.ActiveCfg = Debug|Any CPU
		{BD886813-4A4E-449C-94A1-370175ACAC49}.net_2_0_Debug|Any CPU.Build.0 = Debug|Any CPU
		{BD886813-4A4E-449C-94A1-370175ACAC49}.net_2_0_Debug|x86.ActiveCfg = Debug|Any CPU
		{BD886813-4A4E-449C-94A1-370175ACAC49}.net_2_0_Debug|x86.Build.0 = Debug|Any CPU
		{BD886813-4A4E-449C-94A1-370175ACAC49}.net_2_0_Release|Any CPU.ActiveCfg = Release|Any CPU
		{BD886813-4A4E-449C-94A1-370175ACAC49}.net_2_0_Release|Any CPU.Build.0 = Release|Any CPU
		{BD886813-4A4E-449C-94A1-370175ACAC49}.net_2_0_Release|x86.ActiveCfg = Release|Any CPU
		{BD886813-4A4E-449C-94A1-370175ACAC49}.net_2_0_Release|x86.Build.0 = Release|Any CPU
		{BD886813-4A4E-449C-94A1-370175ACAC49}.net_3_5_Debug|Any CPU.ActiveCfg = Debug|Any CPU
		{BD886813-4A4E-449C-94A1-370175ACAC49}.net_3_5_Debug|Any CPU.Build.0 = Debug|Any CPU
		{BD886813-4A4E-449C-94A1-370175ACAC49}.net_3_5_Debug|x86.ActiveCfg = Debug|Any CPU
		{BD886813-4A4E-449C-94A1-370175ACAC49}.net_3_5_Debug|x86.Build.0 = Debug|Any CPU
		{BD886813-4A4E-449C-94A1-370175ACAC49}.net_3_5_Release|Any CPU.ActiveCfg = Release|Any CPU
		{BD886813-4A4E-449C-94A1-370175ACAC49}.net_3_5_Release|Any CPU.Build.0 = Release|Any CPU
		{BD886813-4A4E-449C-94A1-370175ACAC49}.net_3_5_Release|x86.ActiveCfg = Release|Any CPU
		{BD886813-4A4E-449C-94A1-370175ACAC49}.net_3_5_Release|x86.Build.0 = Release|Any CPU
		{BD886813-4A4E-449C-94A1-370175ACAC49}.net_4_0_Debug|Any CPU.ActiveCfg = Debug|Any CPU
		{BD886813-4A4E-449C-94A1-370175ACAC49}.net_4_0_Debug|Any CPU.Build.0 = Debug|Any CPU
		{BD886813-4A4E-449C-94A1-370175ACAC49}.net_4_0_Debug|x86.ActiveCfg = Debug|Any CPU
		{BD886813-4A4E-449C-94A1-370175ACAC49}.net_4_0_Debug|x86.Build.0 = Debug|Any CPU
		{BD886813-4A4E-449C-94A1-370175ACAC49}.net_4_0_Release|Any CPU.ActiveCfg = Release|Any CPU
		{BD886813-4A4E-449C-94A1-370175ACAC49}.net_4_0_Release|Any CPU.Build.0 = Release|Any CPU
		{BD886813-4A4E-449C-94A1-370175ACAC49}.net_4_0_Release|x86.ActiveCfg = Release|Any CPU
		{BD886813-4A4E-449C-94A1-370175ACAC49}.net_4_0_Release|x86.Build.0 = Release|Any CPU
		{BD886813-4A4E-449C-94A1-370175ACAC49}.net_4_5_Debug|Any CPU.ActiveCfg = Debug|Any CPU
		{BD886813-4A4E-449C-94A1-370175ACAC49}.net_4_5_Debug|Any CPU.Build.0 = Debug|Any CPU
		{BD886813-4A4E-449C-94A1-370175ACAC49}.net_4_5_Debug|x86.ActiveCfg = Debug|Any CPU
		{BD886813-4A4E-449C-94A1-370175ACAC49}.net_4_5_Debug|x86.Build.0 = Debug|Any CPU
		{BD886813-4A4E-449C-94A1-370175ACAC49}.net_4_5_Release|Any CPU.ActiveCfg = Release|Any CPU
		{BD886813-4A4E-449C-94A1-370175ACAC49}.net_4_5_Release|Any CPU.Build.0 = Release|Any CPU
		{BD886813-4A4E-449C-94A1-370175ACAC49}.net_4_5_Release|x86.ActiveCfg = Release|Any CPU
		{BD886813-4A4E-449C-94A1-370175ACAC49}.net_4_5_Release|x86.Build.0 = Release|Any CPU
		{BD886813-4A4E-449C-94A1-370175ACAC49}.Release|Any CPU.ActiveCfg = Release|Any CPU
		{BD886813-4A4E-449C-94A1-370175ACAC49}.Release|Any CPU.Build.0 = Release|Any CPU
		{BD886813-4A4E-449C-94A1-370175ACAC49}.Release|x86.ActiveCfg = Release|Any CPU
		{BD886813-4A4E-449C-94A1-370175ACAC49}.Release|x86.Build.0 = Release|Any CPU
		{BD886813-4A4E-449C-94A1-370175ACAC49}.silverlight_Debug|Any CPU.ActiveCfg = Debug|Any CPU
		{BD886813-4A4E-449C-94A1-370175ACAC49}.silverlight_Debug|Any CPU.Build.0 = Debug|Any CPU
		{BD886813-4A4E-449C-94A1-370175ACAC49}.silverlight_Debug|x86.ActiveCfg = Debug|Any CPU
		{BD886813-4A4E-449C-94A1-370175ACAC49}.silverlight_Debug|x86.Build.0 = Debug|Any CPU
		{BD886813-4A4E-449C-94A1-370175ACAC49}.silverlight_Release|Any CPU.ActiveCfg = Release|Any CPU
		{BD886813-4A4E-449C-94A1-370175ACAC49}.silverlight_Release|Any CPU.Build.0 = Release|Any CPU
		{BD886813-4A4E-449C-94A1-370175ACAC49}.silverlight_Release|x86.ActiveCfg = Release|Any CPU
		{BD886813-4A4E-449C-94A1-370175ACAC49}.silverlight_Release|x86.Build.0 = Release|Any CPU
		{BD886813-4A4E-449C-94A1-370175ACAC49}.winphone_Debug|Any CPU.ActiveCfg = Debug|Any CPU
		{BD886813-4A4E-449C-94A1-370175ACAC49}.winphone_Debug|Any CPU.Build.0 = Debug|Any CPU
		{BD886813-4A4E-449C-94A1-370175ACAC49}.winphone_Debug|x86.ActiveCfg = Debug|Any CPU
		{BD886813-4A4E-449C-94A1-370175ACAC49}.winphone_Debug|x86.Build.0 = Debug|Any CPU
		{BD886813-4A4E-449C-94A1-370175ACAC49}.winphone_Release|Any CPU.ActiveCfg = Release|Any CPU
		{BD886813-4A4E-449C-94A1-370175ACAC49}.winphone_Release|Any CPU.Build.0 = Release|Any CPU
		{BD886813-4A4E-449C-94A1-370175ACAC49}.winphone_Release|x86.ActiveCfg = Release|Any CPU
		{BD886813-4A4E-449C-94A1-370175ACAC49}.winphone_Release|x86.Build.0 = Release|Any CPU
		{2FD18153-E0E8-49B5-BC83-464106FAE597}.Debug|Any CPU.ActiveCfg = Debug|Any CPU
		{2FD18153-E0E8-49B5-BC83-464106FAE597}.Debug|Any CPU.Build.0 = Debug|Any CPU
		{2FD18153-E0E8-49B5-BC83-464106FAE597}.Debug|x86.ActiveCfg = Debug|Any CPU
		{2FD18153-E0E8-49B5-BC83-464106FAE597}.Debug|x86.Build.0 = Debug|Any CPU
		{2FD18153-E0E8-49B5-BC83-464106FAE597}.net_2_0_Debug|Any CPU.ActiveCfg = Debug|Any CPU
		{2FD18153-E0E8-49B5-BC83-464106FAE597}.net_2_0_Debug|Any CPU.Build.0 = Debug|Any CPU
		{2FD18153-E0E8-49B5-BC83-464106FAE597}.net_2_0_Debug|x86.ActiveCfg = Debug|Any CPU
		{2FD18153-E0E8-49B5-BC83-464106FAE597}.net_2_0_Debug|x86.Build.0 = Debug|Any CPU
		{2FD18153-E0E8-49B5-BC83-464106FAE597}.net_2_0_Release|Any CPU.ActiveCfg = Release|Any CPU
		{2FD18153-E0E8-49B5-BC83-464106FAE597}.net_2_0_Release|Any CPU.Build.0 = Release|Any CPU
		{2FD18153-E0E8-49B5-BC83-464106FAE597}.net_2_0_Release|x86.ActiveCfg = Release|Any CPU
		{2FD18153-E0E8-49B5-BC83-464106FAE597}.net_2_0_Release|x86.Build.0 = Release|Any CPU
		{2FD18153-E0E8-49B5-BC83-464106FAE597}.net_3_5_Debug|Any CPU.ActiveCfg = Debug|Any CPU
		{2FD18153-E0E8-49B5-BC83-464106FAE597}.net_3_5_Debug|Any CPU.Build.0 = Debug|Any CPU
		{2FD18153-E0E8-49B5-BC83-464106FAE597}.net_3_5_Debug|x86.ActiveCfg = Debug|Any CPU
		{2FD18153-E0E8-49B5-BC83-464106FAE597}.net_3_5_Debug|x86.Build.0 = Debug|Any CPU
		{2FD18153-E0E8-49B5-BC83-464106FAE597}.net_3_5_Release|Any CPU.ActiveCfg = Release|Any CPU
		{2FD18153-E0E8-49B5-BC83-464106FAE597}.net_3_5_Release|Any CPU.Build.0 = Release|Any CPU
		{2FD18153-E0E8-49B5-BC83-464106FAE597}.net_3_5_Release|x86.ActiveCfg = Release|Any CPU
		{2FD18153-E0E8-49B5-BC83-464106FAE597}.net_3_5_Release|x86.Build.0 = Release|Any CPU
		{2FD18153-E0E8-49B5-BC83-464106FAE597}.net_4_0_Debug|Any CPU.ActiveCfg = Debug|Any CPU
		{2FD18153-E0E8-49B5-BC83-464106FAE597}.net_4_0_Debug|Any CPU.Build.0 = Debug|Any CPU
		{2FD18153-E0E8-49B5-BC83-464106FAE597}.net_4_0_Debug|x86.ActiveCfg = Debug|Any CPU
		{2FD18153-E0E8-49B5-BC83-464106FAE597}.net_4_0_Debug|x86.Build.0 = Debug|Any CPU
		{2FD18153-E0E8-49B5-BC83-464106FAE597}.net_4_0_Release|Any CPU.ActiveCfg = Release|Any CPU
		{2FD18153-E0E8-49B5-BC83-464106FAE597}.net_4_0_Release|Any CPU.Build.0 = Release|Any CPU
		{2FD18153-E0E8-49B5-BC83-464106FAE597}.net_4_0_Release|x86.ActiveCfg = Release|Any CPU
		{2FD18153-E0E8-49B5-BC83-464106FAE597}.net_4_0_Release|x86.Build.0 = Release|Any CPU
		{2FD18153-E0E8-49B5-BC83-464106FAE597}.net_4_5_Debug|Any CPU.ActiveCfg = Debug|Any CPU
		{2FD18153-E0E8-49B5-BC83-464106FAE597}.net_4_5_Debug|Any CPU.Build.0 = Debug|Any CPU
		{2FD18153-E0E8-49B5-BC83-464106FAE597}.net_4_5_Debug|x86.ActiveCfg = Debug|Any CPU
		{2FD18153-E0E8-49B5-BC83-464106FAE597}.net_4_5_Debug|x86.Build.0 = Debug|Any CPU
		{2FD18153-E0E8-49B5-BC83-464106FAE597}.net_4_5_Release|Any CPU.ActiveCfg = Release|Any CPU
		{2FD18153-E0E8-49B5-BC83-464106FAE597}.net_4_5_Release|Any CPU.Build.0 = Release|Any CPU
		{2FD18153-E0E8-49B5-BC83-464106FAE597}.net_4_5_Release|x86.ActiveCfg = Release|Any CPU
		{2FD18153-E0E8-49B5-BC83-464106FAE597}.net_4_5_Release|x86.Build.0 = Release|Any CPU
		{2FD18153-E0E8-49B5-BC83-464106FAE597}.Release|Any CPU.ActiveCfg = Release|Any CPU
		{2FD18153-E0E8-49B5-BC83-464106FAE597}.Release|Any CPU.Build.0 = Release|Any CPU
		{2FD18153-E0E8-49B5-BC83-464106FAE597}.Release|x86.ActiveCfg = Release|Any CPU
		{2FD18153-E0E8-49B5-BC83-464106FAE597}.Release|x86.Build.0 = Release|Any CPU
		{2FD18153-E0E8-49B5-BC83-464106FAE597}.silverlight_Debug|Any CPU.ActiveCfg = Debug|Any CPU
		{2FD18153-E0E8-49B5-BC83-464106FAE597}.silverlight_Debug|Any CPU.Build.0 = Debug|Any CPU
		{2FD18153-E0E8-49B5-BC83-464106FAE597}.silverlight_Debug|x86.ActiveCfg = Debug|Any CPU
		{2FD18153-E0E8-49B5-BC83-464106FAE597}.silverlight_Debug|x86.Build.0 = Debug|Any CPU
		{2FD18153-E0E8-49B5-BC83-464106FAE597}.silverlight_Release|Any CPU.ActiveCfg = Release|Any CPU
		{2FD18153-E0E8-49B5-BC83-464106FAE597}.silverlight_Release|Any CPU.Build.0 = Release|Any CPU
		{2FD18153-E0E8-49B5-BC83-464106FAE597}.silverlight_Release|x86.ActiveCfg = Release|Any CPU
		{2FD18153-E0E8-49B5-BC83-464106FAE597}.silverlight_Release|x86.Build.0 = Release|Any CPU
		{2FD18153-E0E8-49B5-BC83-464106FAE597}.winphone_Debug|Any CPU.ActiveCfg = Debug|Any CPU
		{2FD18153-E0E8-49B5-BC83-464106FAE597}.winphone_Debug|Any CPU.Build.0 = Debug|Any CPU
		{2FD18153-E0E8-49B5-BC83-464106FAE597}.winphone_Debug|x86.ActiveCfg = Debug|Any CPU
		{2FD18153-E0E8-49B5-BC83-464106FAE597}.winphone_Debug|x86.Build.0 = Debug|Any CPU
		{2FD18153-E0E8-49B5-BC83-464106FAE597}.winphone_Release|Any CPU.ActiveCfg = Release|Any CPU
		{2FD18153-E0E8-49B5-BC83-464106FAE597}.winphone_Release|Any CPU.Build.0 = Release|Any CPU
		{2FD18153-E0E8-49B5-BC83-464106FAE597}.winphone_Release|x86.ActiveCfg = Release|Any CPU
		{2FD18153-E0E8-49B5-BC83-464106FAE597}.winphone_Release|x86.Build.0 = Release|Any CPU
	EndGlobalSection
	GlobalSection(SolutionProperties) = preSolution
		HideSolutionNode = FALSE
	EndGlobalSection
	GlobalSection(ExtensibilityGlobals) = postSolution
		SolutionGuid = {F46DEB2A-01D2-4904-AB04-A102AE88962A}
	EndGlobalSection
	GlobalSection(MonoDevelopProperties) = preSolution
		StartupItem = ILSpyMac\ILSpyMac.csproj
	EndGlobalSection
EndGlobal
